github.com/OneOfOne/xxhash v1.2.2 h1:KMrpdQIwFcEqXDklaen+P1axHaj9BSKzvpUUfnHldSE=
github.com/OneOfOne/xxhash v1.2.2/go.mod h1:HSdplMjZKSmBqAxg5vPj2TmRDmfkzw+cTzAElWljhcU=
github.com/OneOfOne/xxhash v1.2.4/go.mod h1:HSdplMjZKSmBqAxg5vPj2TmRDmfkzw+cTzAElWljhcU=
github.com/cespare/xxhash v1.1.0 h1:a6HrQnmkObjyL+Gs60czilIUGqrzKutQD6XZog3p+ko=
github.com/cespare/xxhash v1.1.0/go.mod h1:XrSqR1VqqWfGrhpAt58auRo0WTKS1nRRg3ghfAqPWnc=
github.com/hlts2/ip-hash v0.0.0-20190314042121-0e4d407f7fb9 h1:ZnWfcm/HwbCLHUVZano3xtZllaRnjFYTLNySwRDG2JQ=
github.com/hlts2/ip-hash v0.0.0-20190314042121-0e4d407f7fb9/go.mod h1:4slJmMX/C3y2VUH5JMpY2xpS8TND973uANwHlSFo3cU=
github.com/hlts2/least-connections v0.0.0-20190314035037-b1f9b2e9bc9c h1:mQBwFPC0nvRulW/l2ul82PViyHo6AWMgPw08BkVpTeY=
github.com/hlts2/least-connections v0.0.0-20190314035037-b1f9b2e9bc9c/go.mod h1:Yq2yiSHfuVbX7IkaFCDxTQXV8Ubq+a76KyAYZSOmwt8=
github.com/hlts2/round-robin v0.0.0-20190314040659-eb24115f39ce h1:5ep70b4yOQwjyezkeYNSOi+8+JCfsPQELVOG6+tA9ck=
github.com/hlts2/round-robin v0.0.0-20190314040659-eb24115f39ce/go.mod h1:W8lLxeVXxsnT6I+wSxWxeuWU92lcx28QQDi7GH7gdJ4=
github.com/kpango/fastime v1.0.8 h1:Wif5eocdsIXmMG+8HHfRP/jD6UUl+/OVTJ+sMzvA1+E=
github.com/kpango/fastime v1.0.8/go.mod h1:Y5XY5bLG5yc7g2XmMUzc22XYV1XaH+KgUOHkDvLp4SA=
github.com/kpango/glg v1.2.10 h1:/Zp8nzbWlONIucnYbHvqNC2ZTzyibAB/S9nE/zfdLtI=
github.com/kpango/glg v1.2.10/go.mod h1:VK6nyghBgjAig+nIlROLPDC8fiUQFvgfzgyX0jeUY4o=
github.com/pkg/errors v0.8.1 h1:iURUrRGxPUNPdy5/HRSm+Yj6okJ6UtLINN0Q9M4+h3I=
github.com/pkg/errors v0.8.1/go.mod h1:bwawxfHBFNV+L2hUp1rHADufV3IMtnDRdf1r5NINEl0=
github.com/spaolacci/murmur3 v0.0.0-20180118202830-f09979ecbc72 h1:qLC7fQah7D6K1B0ujays3HV9gkFtllcxhzImRR7ArPQ=
github.com/spaolacci/murmur3 v0.0.0-20180118202830-f09979ecbc72/go.mod h1:JwIasOWyU6f++ZhiEuf87xNszmSA2myDM2Kzu9HwQUA=
github.com/urfave/cli v1.20.0 h1:fDqGv3UG/4jbVl/QkFwEdddtEDjh/5Ov6X+0B/3bPaw=
github.com/urfave/cli v1.20.0/go.mod h1:70zkFmudgCuE/ngEzBv17Jvp/497gISqfk5gWijbERA=
gopkg.in/check.v1 v0.0.0-20161208181325-20d25e280405 h1:yhCVgyC4o1eVCa2tZl7eS0r+SDo693bJlVdllGtEeKM=
gopkg.in/check.v1 v0.0.0-20161208181325-20d25e280405/go.mod h1:Co6ibVJAznAaIkqp8huTwlJQCZ016jof/cbN4VW5Yz0=
gopkg.in/check.v1 v1.0.0-20180628173108-788fd7840127/go.mod h1:Co6ibVJAznAaIkqp8huTwlJQCZ016jof/cbN4VW5Yz0=
gopkg.in/yaml.v2 v2.2.2 h1:ZCJp+EgiOT7lHqUV2J862kp8Qj64Jo6az82+3Td9dZw=
gopkg.in/yaml.v2 v2.2.2/go.mod h1:hI93XBmqTisBFMUTm0b8Fm+jr3Dg1NNxqwp+5A1VGuI=
