github.com/kpango/fastime v1.0.8 h1:Wif5eocdsIXmMG+8HHfRP/jD6UUl+/OVTJ+sMzvA1+E=
github.com/kpango/fastime v1.0.8/go.mod h1:Y5XY5bLG5yc7g2XmMUzc22XYV1XaH+KgUOHkDvLp4SA=
github.com/kpango/glg v1.2.10 h1:/Zp8nzbWlONIucnYbHvqNC2ZTzyibAB/S9nE/zfdLtI=
github.com/kpango/glg v1.2.10/go.mod h1:VK6nyghBgjAig+nIlROLPDC8fiUQFvgfzgyX0jeUY4o=
github.com/pkg/errors v0.8.1 h1:iURUrRGxPUNPdy5/HRSm+Yj6okJ6UtLINN0Q9M4+h3I=
github.com/pkg/errors v0.8.1/go.mod h1:bwawxfHBFNV+L2hUp1rHADufV3IMtnDRdf1r5NINEl0=
github.com/urfave/cli v1.20.0 h1:fDqGv3UG/4jbVl/QkFwEdddtEDjh/5Ov6X+0B/3bPaw=
github.com/urfave/cli v1.20.0/go.mod h1:70zkFmudgCuE/ngEzBv17Jvp/497gISqfk5gWijbERA=
