# This file is autogenerated, do not edit; changes may be undone by the next 'dep ensure'.


[[projects]]
  digest = "1:998cf998358a303ac2430c386ba3fd3398477d6013153d3c6e11432765cc9ae6"
  name = "github.com/cespare/xxhash"
  packages = ["."]
  pruneopts = "UT"
  revision = "3b82fb7d186719faeedd0c2864f868c74fbf79a1"
  version = "v2.0.0"

[[projects]]
  branch = "master"
  digest = "1:81a5fe743dae4ef2127d072d4dc901f2addbc85ff9d990c51b8a534b7800b52e"
  name = "github.com/hlts2/ip-hash"
  packages = ["."]
  pruneopts = "UT"
  revision = "32413d73bf60d414d231cee410001d7103149abe"

[[projects]]
  branch = "master"
  digest = "1:f2d61203dc0a948111f3be6c8d659c6d96e4d3487618d2727a394335eb3fa33e"
  name = "github.com/hlts2/least-connections"
  packages = ["."]
  pruneopts = "UT"
  revision = "fef0a2a954e74a8386be2f967e7ecc12177a4cd5"

[[projects]]
  branch = "master"
  digest = "1:42b3ad4f69194c01424826ba506ba66e709cc931ee017306d129e0b33c242117"
  name = "github.com/hlts2/round-robin"
  packages = ["."]
  pruneopts = "UT"
  revision = "ed0fa29695374f828e270b40e3779f3ddf9f9791"

[[projects]]
  digest = "1:ea11184d37725f7779503d5303e982369bff75b33d5428ee839e0d64bfb86c4b"
  name = "github.com/kpango/fastime"
  packages = ["."]
  pruneopts = "UT"
  revision = "80c878bb48869b25470471c3e94c03c5f5b4a9fc"
  version = "v1.0.8"

[[projects]]
  digest = "1:ac981037487bbc9ae90d78386a0e2ececf2d9b3cfb762071b8a35521234ae7cf"
  name = "github.com/kpango/glg"
  packages = ["."]
  pruneopts = "UT"
  revision = "b727e667457891cbcaaaab3269a9dd7cec2dcdaa"
  version = "v1.2.10"

[[projects]]
  digest = "1:cf31692c14422fa27c83a05292eb5cbe0fb2775972e8f1f8446a71549bd8980b"
  name = "github.com/pkg/errors"
  packages = ["."]
  pruneopts = "UT"
  revision = "ba968bfe8b2f7e042a574c888954fccecfa385b4"
  version = "v0.8.1"

[[projects]]
  digest = "1:b24d38b282bacf9791408a080f606370efa3d364e4b5fd9ba0f7b87786d3b679"
  name = "github.com/urfave/cli"
  packages = ["."]
  pruneopts = "UT"
  revision = "cfb38830724cc34fedffe9a2a29fb54fa9169cd1"
  version = "v1.20.0"

[[projects]]
  digest = "1:4d2e5a73dc1500038e504a8d78b986630e3626dc027bc030ba5c75da257cdb96"
  name = "gopkg.in/yaml.v2"
  packages = ["."]
  pruneopts = "UT"
  revision = "51d6538a90f86fe93ac480b35f37b2be17fef232"
  version = "v2.2.2"

[solve-meta]
  analyzer-name = "dep"
  analyzer-version = 1
  input-imports = [
    "github.com/hlts2/ip-hash",
    "github.com/hlts2/least-connections",
    "github.com/hlts2/round-robin",
    "github.com/kpango/glg",
    "github.com/pkg/errors",
    "github.com/urfave/cli",
    "gopkg.in/yaml.v2",
  ]
  solver-name = "gps-cdcl"
  solver-version = 1
